// !$*UTF8*$!
{
	archiveVersion = 1;
	classes = {
	};
	objectVersion = 55;
	objects = {

/* Begin PBXBuildFile section */
		0404B045279B28050061ABE9 /* Player.swift in Sources */ = {isa = PBXBuildFile; fileRef = 0404B044279B28050061ABE9 /* Player.swift */; };
		040C36F22747F0A4002EBEBD /* HomeViewController.swift in Sources */ = {isa = PBXBuildFile; fileRef = 040C36F12747F0A4002EBEBD /* HomeViewController.swift */; };
		040C37022747F0FE002EBEBD /* GameViewController.swift in Sources */ = {isa = PBXBuildFile; fileRef = 040C37012747F0FE002EBEBD /* GameViewController.swift */; };
		04547695274921B6005674A2 /* SettingsViewController.swift in Sources */ = {isa = PBXBuildFile; fileRef = 04547694274921B6005674A2 /* SettingsViewController.swift */; };
		046FC16F27F797FB009F4E51 /* Main.storyboard in Resources */ = {isa = PBXBuildFile; fileRef = 040C36F32747F0A4002EBEBD /* Main.storyboard */; };
		046FC17027F79895009F4E51 /* Localizable.strings in Resources */ = {isa = PBXBuildFile; fileRef = 04927E4E27A2DE6E00616E46 /* Localizable.strings */; };
		046FC17127F798B8009F4E51 /* Usually-font-Bold.otf in Resources */ = {isa = PBXBuildFile; fileRef = 0454769A27492AE0005674A2 /* Usually-font-Bold.otf */; };
		046FC17227F798BA009F4E51 /* Usually-font.otf in Resources */ = {isa = PBXBuildFile; fileRef = 0454769827492932005674A2 /* Usually-font.otf */; };
		046FC17327F798BE009F4E51 /* LaunchScreen.storyboard in Resources */ = {isa = PBXBuildFile; fileRef = 040C36F82747F0A5002EBEBD /* LaunchScreen.storyboard */; };
		046FC17427F798C3009F4E51 /* Assets.xcassets in Resources */ = {isa = PBXBuildFile; fileRef = 040C36F62747F0A5002EBEBD /* Assets.xcassets */; };
		048DF94327F7888B00B3B5DB /* UserDefault.swift in Sources */ = {isa = PBXBuildFile; fileRef = 048DF93B27F7888B00B3B5DB /* UserDefault.swift */; };
		048DF94427F7888B00B3B5DB /* UIButton+Extensions.swift in Sources */ = {isa = PBXBuildFile; fileRef = 048DF93C27F7888B00B3B5DB /* UIButton+Extensions.swift */; };
		048DF94527F7888B00B3B5DB /* UIImageView+Constraints.swift in Sources */ = {isa = PBXBuildFile; fileRef = 048DF93D27F7888B00B3B5DB /* UIImageView+Constraints.swift */; };
		048DF94627F7888B00B3B5DB /* PropertyListValue.swift in Sources */ = {isa = PBXBuildFile; fileRef = 048DF93E27F7888B00B3B5DB /* PropertyListValue.swift */; };
		048DF94727F7888B00B3B5DB /* UserDefaultsStorage.swift in Sources */ = {isa = PBXBuildFile; fileRef = 048DF93F27F7888B00B3B5DB /* UserDefaultsStorage.swift */; };
		048DF94827F7888B00B3B5DB /* UserDefaultKey.swift in Sources */ = {isa = PBXBuildFile; fileRef = 048DF94027F7888B00B3B5DB /* UserDefaultKey.swift */; };
		048DF94927F7888B00B3B5DB /* Double+Extension+.swift in Sources */ = {isa = PBXBuildFile; fileRef = 048DF94127F7888B00B3B5DB /* Double+Extension+.swift */; };
		04CF064F283F62CA0065D452 /* AppDelegate.swift 10-24-25-809.swift in Sources */ = {isa = PBXBuildFile; fileRef = 04CF064D283F62CA0065D452 /* AppDelegate.swift 10-24-25-809.swift */; };
		04CF0655283F7F0F0065D452 /* SceneDelegate.swift 10-24-25-801.swift 10-26-00-322.swift in Sources */ = {isa = PBXBuildFile; fileRef = 04CF0654283F7F0F0065D452 /* SceneDelegate.swift 10-24-25-801.swift 10-26-00-322.swift */; };
		04F9B9A32768ACE900D7BA5F /* LeadersViewController.swift in Sources */ = {isa = PBXBuildFile; fileRef = 04F9B9A22768ACE900D7BA5F /* LeadersViewController.swift */; };
/* End PBXBuildFile section */

/* Begin PBXFileReference section */
		0404B044279B28050061ABE9 /* Player.swift */ = {isa = PBXFileReference; lastKnownFileType = sourcecode.swift; path = Player.swift; sourceTree = "<group>"; };
		040C36EA2747F0A4002EBEBD /* Kosmos.app */ = {isa = PBXFileReference; explicitFileType = wrapper.application; includeInIndex = 0; path = Kosmos.app; sourceTree = BUILT_PRODUCTS_DIR; };
		040C36F12747F0A4002EBEBD /* HomeViewController.swift */ = {isa = PBXFileReference; lastKnownFileType = sourcecode.swift; path = HomeViewController.swift; sourceTree = "<group>"; };
		040C36F42747F0A4002EBEBD /* Base */ = {isa = PBXFileReference; lastKnownFileType = file.storyboard; name = Base; path = Base.lproj/Main.storyboard; sourceTree = "<group>"; };
		040C36F62747F0A5002EBEBD /* Assets.xcassets */ = {isa = PBXFileReference; lastKnownFileType = folder.assetcatalog; path = Assets.xcassets; sourceTree = "<group>"; };
		040C36F92747F0A5002EBEBD /* Base */ = {isa = PBXFileReference; lastKnownFileType = file.storyboard; name = Base; path = Base.lproj/LaunchScreen.storyboard; sourceTree = "<group>"; };
		040C37012747F0FE002EBEBD /* GameViewController.swift */ = {isa = PBXFileReference; lastKnownFileType = sourcecode.swift; path = GameViewController.swift; sourceTree = "<group>"; };
		04547694274921B6005674A2 /* SettingsViewController.swift */ = {isa = PBXFileReference; lastKnownFileType = sourcecode.swift; path = SettingsViewController.swift; sourceTree = "<group>"; };
		0454769827492932005674A2 /* Usually-font.otf */ = {isa = PBXFileReference; lastKnownFileType = file; path = "Usually-font.otf"; sourceTree = "<group>"; };
		0454769A27492AE0005674A2 /* Usually-font-Bold.otf */ = {isa = PBXFileReference; lastKnownFileType = file; path = "Usually-font-Bold.otf"; sourceTree = "<group>"; };
		048DF93B27F7888B00B3B5DB /* UserDefault.swift */ = {isa = PBXFileReference; fileEncoding = 4; lastKnownFileType = sourcecode.swift; path = UserDefault.swift; sourceTree = "<group>"; };
		048DF93C27F7888B00B3B5DB /* UIButton+Extensions.swift */ = {isa = PBXFileReference; fileEncoding = 4; lastKnownFileType = sourcecode.swift; path = "UIButton+Extensions.swift"; sourceTree = "<group>"; };
		048DF93D27F7888B00B3B5DB /* UIImageView+Constraints.swift */ = {isa = PBXFileReference; fileEncoding = 4; lastKnownFileType = sourcecode.swift; path = "UIImageView+Constraints.swift"; sourceTree = "<group>"; };
		048DF93E27F7888B00B3B5DB /* PropertyListValue.swift */ = {isa = PBXFileReference; fileEncoding = 4; lastKnownFileType = sourcecode.swift; path = PropertyListValue.swift; sourceTree = "<group>"; };
		048DF93F27F7888B00B3B5DB /* UserDefaultsStorage.swift */ = {isa = PBXFileReference; fileEncoding = 4; lastKnownFileType = sourcecode.swift; path = UserDefaultsStorage.swift; sourceTree = "<group>"; };
		048DF94027F7888B00B3B5DB /* UserDefaultKey.swift */ = {isa = PBXFileReference; fileEncoding = 4; lastKnownFileType = sourcecode.swift; path = UserDefaultKey.swift; sourceTree = "<group>"; };
		048DF94127F7888B00B3B5DB /* Double+Extension+.swift */ = {isa = PBXFileReference; fileEncoding = 4; lastKnownFileType = sourcecode.swift; path = "Double+Extension+.swift"; sourceTree = "<group>"; };
		048DF94B27F788A800B3B5DB /* Info.plist */ = {isa = PBXFileReference; fileEncoding = 4; lastKnownFileType = text.plist.xml; path = Info.plist; sourceTree = "<group>"; };
		04927E4727A2DCA200616E46 /* ru */ = {isa = PBXFileReference; lastKnownFileType = text.plist.strings; name = ru; path = ru.lproj/Main.strings; sourceTree = "<group>"; };
		04927E4827A2DCA200616E46 /* ru */ = {isa = PBXFileReference; lastKnownFileType = text.plist.strings; name = ru; path = ru.lproj/LaunchScreen.strings; sourceTree = "<group>"; };
		04927E4F27A2DE7200616E46 /* ru */ = {isa = PBXFileReference; lastKnownFileType = text.plist.strings; name = ru; path = ru.lproj/Localizable.strings; sourceTree = "<group>"; };
		04927E5127A2E3FE00616E46 /* en */ = {isa = PBXFileReference; lastKnownFileType = text.plist.strings; name = en; path = en.lproj/Localizable.strings; sourceTree = "<group>"; };
		0497F4F527F793D40056CA42 /* en */ = {isa = PBXFileReference; lastKnownFileType = text.plist.strings; name = en; path = en.lproj/Main.strings; sourceTree = "<group>"; };
		04CF064D283F62CA0065D452 /* AppDelegate.swift 10-24-25-809.swift */ = {isa = PBXFileReference; fileEncoding = 4; lastKnownFileType = sourcecode.swift; path = "AppDelegate.swift 10-24-25-809.swift"; sourceTree = "<group>"; };
		04CF0654283F7F0F0065D452 /* SceneDelegate.swift 10-24-25-801.swift 10-26-00-322.swift */ = {isa = PBXFileReference; fileEncoding = 4; lastKnownFileType = sourcecode.swift; path = "SceneDelegate.swift 10-24-25-801.swift 10-26-00-322.swift"; sourceTree = "<group>"; };
		04F9B9A22768ACE900D7BA5F /* LeadersViewController.swift */ = {isa = PBXFileReference; lastKnownFileType = sourcecode.swift; path = LeadersViewController.swift; sourceTree = "<group>"; };
/* End PBXFileReference section */

/* Begin PBXFrameworksBuildPhase section */
		040C36E72747F0A4002EBEBD /* Frameworks */ = {
			isa = PBXFrameworksBuildPhase;
			buildActionMask = 2147483647;
			files = (
			);
			runOnlyForDeploymentPostprocessing = 0;
		};
/* End PBXFrameworksBuildPhase section */

/* Begin PBXGroup section */
		0404B043279B27E90061ABE9 /* Models */ = {
			isa = PBXGroup;
			children = (
				0404B044279B28050061ABE9 /* Player.swift */,
			);
			path = Models;
			sourceTree = "<group>";
		};
		040C36E12747F0A4002EBEBD = {
			isa = PBXGroup;
			children = (
				046A5E2327F7861E0080B6F0 /* Kosmos */,
				040C36EB2747F0A4002EBEBD /* Products */,
			);
			sourceTree = "<group>";
		};
		040C36EB2747F0A4002EBEBD /* Products */ = {
			isa = PBXGroup;
			children = (
				040C36EA2747F0A4002EBEBD /* Kosmos.app */,
			);
			name = Products;
			sourceTree = "<group>";
		};
		040C36EC2747F0A4002EBEBD /* Controlers */ = {
			isa = PBXGroup;
			children = (
				040C36F12747F0A4002EBEBD /* HomeViewController.swift */,
				040C37012747F0FE002EBEBD /* GameViewController.swift */,
				04547694274921B6005674A2 /* SettingsViewController.swift */,
				04F9B9A22768ACE900D7BA5F /* LeadersViewController.swift */,
				040C36F32747F0A4002EBEBD /* Main.storyboard */,
				048DF94B27F788A800B3B5DB /* Info.plist */,
				04EB39D8274D0E1F0035C6BF /* Fonts */,
			);
			path = Controlers;
			sourceTree = "<group>";
		};
		046A5E2327F7861E0080B6F0 /* Kosmos */ = {
			isa = PBXGroup;
			children = (
				04F0AC5D2840BD730084689C /* Application */,
				04CF0651283F62ED0065D452 /* Supporting Files */,
				048DF93A27F7888B00B3B5DB /* Extensions */,
				04927E4927A2DE3E00616E46 /* Localizable */,
				0404B043279B27E90061ABE9 /* Models */,
				040C36EC2747F0A4002EBEBD /* Controlers */,
			);
			path = Kosmos;
			sourceTree = "<group>";
		};
		048DF93A27F7888B00B3B5DB /* Extensions */ = {
			isa = PBXGroup;
			children = (
				048DF93C27F7888B00B3B5DB /* UIButton+Extensions.swift */,
				048DF93D27F7888B00B3B5DB /* UIImageView+Constraints.swift */,
				048DF93B27F7888B00B3B5DB /* UserDefault.swift */,
				048DF93E27F7888B00B3B5DB /* PropertyListValue.swift */,
				048DF93F27F7888B00B3B5DB /* UserDefaultsStorage.swift */,
				048DF94027F7888B00B3B5DB /* UserDefaultKey.swift */,
				048DF94127F7888B00B3B5DB /* Double+Extension+.swift */,
			);
			path = Extensions;
			sourceTree = "<group>";
		};
		04927E4927A2DE3E00616E46 /* Localizable */ = {
			isa = PBXGroup;
			children = (
				04927E4E27A2DE6E00616E46 /* Localizable.strings */,
			);
			path = Localizable;
			sourceTree = "<group>";
		};
		04CF0651283F62ED0065D452 /* Supporting Files */ = {
			isa = PBXGroup;
			children = (
				040C36F62747F0A5002EBEBD /* Assets.xcassets */,
				040C36F82747F0A5002EBEBD /* LaunchScreen.storyboard */,
			);
			path = "Supporting Files";
			sourceTree = "<group>";
		};
		04EB39D8274D0E1F0035C6BF /* Fonts */ = {
			isa = PBXGroup;
			children = (
				0454769A27492AE0005674A2 /* Usually-font-Bold.otf */,
				0454769827492932005674A2 /* Usually-font.otf */,
			);
			path = Fonts;
			sourceTree = "<group>";
		};
		04F0AC5D2840BD730084689C /* Application */ = {
			isa = PBXGroup;
			children = (
				04CF064D283F62CA0065D452 /* AppDelegate.swift 10-24-25-809.swift */,
				04CF0654283F7F0F0065D452 /* SceneDelegate.swift 10-24-25-801.swift 10-26-00-322.swift */,
			);
			path = Application;
			sourceTree = "<group>";
		};
/* End PBXGroup section */

/* Begin PBXNativeTarget section */
		040C36E92747F0A4002EBEBD /* Kosmos */ = {
			isa = PBXNativeTarget;
			buildConfigurationList = 040C36FE2747F0A5002EBEBD /* Build configuration list for PBXNativeTarget "Kosmos" */;
			buildPhases = (
				040C36E62747F0A4002EBEBD /* Sources */,
				040C36E72747F0A4002EBEBD /* Frameworks */,
				040C36E82747F0A4002EBEBD /* Resources */,
			);
			buildRules = (
			);
			dependencies = (
			);
			name = Kosmos;
			productName = Kosmos;
			productReference = 040C36EA2747F0A4002EBEBD /* Kosmos.app */;
			productType = "com.apple.product-type.application";
		};
/* End PBXNativeTarget section */

/* Begin PBXProject section */
		040C36E22747F0A4002EBEBD /* Project object */ = {
			isa = PBXProject;
			attributes = {
				BuildIndependentTargetsInParallel = 1;
				LastSwiftUpdateCheck = 1310;
				LastUpgradeCheck = 1310;
				TargetAttributes = {
					040C36E92747F0A4002EBEBD = {
						CreatedOnToolsVersion = 13.1;
					};
				};
			};
			buildConfigurationList = 040C36E52747F0A4002EBEBD /* Build configuration list for PBXProject "Kosmos" */;
			compatibilityVersion = "Xcode 13.0";
			developmentRegion = en;
			hasScannedForEncodings = 0;
			knownRegions = (
				en,
				Base,
				en,
				ru,
			);
			mainGroup = 040C36E12747F0A4002EBEBD;
			productRefGroup = 040C36EB2747F0A4002EBEBD /* Products */;
			projectDirPath = "";
			projectRoot = "";
			targets = (
				040C36E92747F0A4002EBEBD /* Kosmos */,
			);
		};
/* End PBXProject section */

/* Begin PBXResourcesBuildPhase section */
		040C36E82747F0A4002EBEBD /* Resources */ = {
			isa = PBXResourcesBuildPhase;
			buildActionMask = 2147483647;
			files = (
				046FC16F27F797FB009F4E51 /* Main.storyboard in Resources */,
				046FC17127F798B8009F4E51 /* Usually-font-Bold.otf in Resources */,
				046FC17227F798BA009F4E51 /* Usually-font.otf in Resources */,
				046FC17327F798BE009F4E51 /* LaunchScreen.storyboard in Resources */,
				046FC17427F798C3009F4E51 /* Assets.xcassets in Resources */,
				046FC17027F79895009F4E51 /* Localizable.strings in Resources */,
			);
			runOnlyForDeploymentPostprocessing = 0;
		};
/* End PBXResourcesBuildPhase section */

/* Begin PBXSourcesBuildPhase section */
		040C36E62747F0A4002EBEBD /* Sources */ = {
			isa = PBXSourcesBuildPhase;
			buildActionMask = 2147483647;
			files = (
				048DF94627F7888B00B3B5DB /* PropertyListValue.swift in Sources */,
				048DF94927F7888B00B3B5DB /* Double+Extension+.swift in Sources */,
				04CF0655283F7F0F0065D452 /* SceneDelegate.swift 10-24-25-801.swift 10-26-00-322.swift in Sources */,
				040C37022747F0FE002EBEBD /* GameViewController.swift in Sources */,
				048DF94327F7888B00B3B5DB /* UserDefault.swift in Sources */,
				0404B045279B28050061ABE9 /* Player.swift in Sources */,
				048DF94827F7888B00B3B5DB /* UserDefaultKey.swift in Sources */,
				040C36F22747F0A4002EBEBD /* HomeViewController.swift in Sources */,
				048DF94527F7888B00B3B5DB /* UIImageView+Constraints.swift in Sources */,
				048DF94427F7888B00B3B5DB /* UIButton+Extensions.swift in Sources */,
				048DF94727F7888B00B3B5DB /* UserDefaultsStorage.swift in Sources */,
				04F9B9A32768ACE900D7BA5F /* LeadersViewController.swift in Sources */,
				04CF064F283F62CA0065D452 /* AppDelegate.swift 10-24-25-809.swift in Sources */,
				04547695274921B6005674A2 /* SettingsViewController.swift in Sources */,
			);
			runOnlyForDeploymentPostprocessing = 0;
		};
/* End PBXSourcesBuildPhase section */

/* Begin PBXVariantGroup section */
		040C36F32747F0A4002EBEBD /* Main.storyboard */ = {
			isa = PBXVariantGroup;
			children = (
				040C36F42747F0A4002EBEBD /* Base */,
				04927E4727A2DCA200616E46 /* ru */,
				0497F4F527F793D40056CA42 /* en */,
			);
			name = Main.storyboard;
			sourceTree = "<group>";
		};
		040C36F82747F0A5002EBEBD /* LaunchScreen.storyboard */ = {
			isa = PBXVariantGroup;
			children = (
				040C36F92747F0A5002EBEBD /* Base */,
				04927E4827A2DCA200616E46 /* ru */,
			);
			name = LaunchScreen.storyboard;
			sourceTree = "<group>";
		};
		04927E4E27A2DE6E00616E46 /* Localizable.strings */ = {
			isa = PBXVariantGroup;
			children = (
				04927E4F27A2DE7200616E46 /* ru */,
				04927E5127A2E3FE00616E46 /* en */,
			);
			name = Localizable.strings;
			sourceTree = "<group>";
		};
/* End PBXVariantGroup section */

/* Begin XCBuildConfiguration section */
		040C36FC2747F0A5002EBEBD /* Debug */ = {
			isa = XCBuildConfiguration;
			buildSettings = {
				ALWAYS_SEARCH_USER_PATHS = NO;
				CLANG_ANALYZER_LOCALIZABILITY_NONLOCALIZED = YES;
				CLANG_ANALYZER_NONNULL = YES;
				CLANG_ANALYZER_NUMBER_OBJECT_CONVERSION = YES_AGGRESSIVE;
				CLANG_CXX_LANGUAGE_STANDARD = "gnu++17";
				CLANG_CXX_LIBRARY = "libc++";
				CLANG_ENABLE_MODULES = YES;
				CLANG_ENABLE_OBJC_ARC = YES;
				CLANG_ENABLE_OBJC_WEAK = YES;
				CLANG_WARN_BLOCK_CAPTURE_AUTORELEASING = YES;
				CLANG_WARN_BOOL_CONVERSION = YES;
				CLANG_WARN_COMMA = YES;
				CLANG_WARN_CONSTANT_CONVERSION = YES;
				CLANG_WARN_DEPRECATED_OBJC_IMPLEMENTATIONS = YES;
				CLANG_WARN_DIRECT_OBJC_ISA_USAGE = YES_ERROR;
				CLANG_WARN_DOCUMENTATION_COMMENTS = YES;
				CLANG_WARN_EMPTY_BODY = YES;
				CLANG_WARN_ENUM_CONVERSION = YES;
				CLANG_WARN_INFINITE_RECURSION = YES;
				CLANG_WARN_INT_CONVERSION = YES;
				CLANG_WARN_NON_LITERAL_NULL_CONVERSION = YES;
				CLANG_WARN_OBJC_IMPLICIT_RETAIN_SELF = YES;
				CLANG_WARN_OBJC_LITERAL_CONVERSION = YES;
				CLANG_WARN_OBJC_ROOT_CLASS = YES_ERROR;
				CLANG_WARN_QUOTED_INCLUDE_IN_FRAMEWORK_HEADER = YES;
				CLANG_WARN_RANGE_LOOP_ANALYSIS = YES;
				CLANG_WARN_STRICT_PROTOTYPES = YES;
				CLANG_WARN_SUSPICIOUS_MOVE = YES;
				CLANG_WARN_UNGUARDED_AVAILABILITY = YES_AGGRESSIVE;
				CLANG_WARN_UNREACHABLE_CODE = YES;
				CLANG_WARN__DUPLICATE_METHOD_MATCH = YES;
				COPY_PHASE_STRIP = NO;
				DEBUG_INFORMATION_FORMAT = dwarf;
				ENABLE_STRICT_OBJC_MSGSEND = YES;
				ENABLE_TESTABILITY = YES;
				GCC_C_LANGUAGE_STANDARD = gnu11;
				GCC_DYNAMIC_NO_PIC = NO;
				GCC_NO_COMMON_BLOCKS = YES;
				GCC_OPTIMIZATION_LEVEL = 0;
				GCC_PREPROCESSOR_DEFINITIONS = (
					"DEBUG=1",
					"$(inherited)",
				);
				GCC_WARN_64_TO_32_BIT_CONVERSION = YES;
				GCC_WARN_ABOUT_RETURN_TYPE = YES_ERROR;
				GCC_WARN_UNDECLARED_SELECTOR = YES;
				GCC_WARN_UNINITIALIZED_AUTOS = YES_AGGRESSIVE;
				GCC_WARN_UNUSED_FUNCTION = YES;
				GCC_WARN_UNUSED_VARIABLE = YES;
				IPHONEOS_DEPLOYMENT_TARGET = 15.0;
				MTL_ENABLE_DEBUG_INFO = INCLUDE_SOURCE;
				MTL_FAST_MATH = YES;
				ONLY_ACTIVE_ARCH = YES;
				SDKROOT = iphoneos;
				SWIFT_ACTIVE_COMPILATION_CONDITIONS = DEBUG;
				SWIFT_OPTIMIZATION_LEVEL = "-Onone";
			};
			name = Debug;
		};
		040C36FD2747F0A5002EBEBD /* Release */ = {
			isa = XCBuildConfiguration;
			buildSettings = {
				ALWAYS_SEARCH_USER_PATHS = NO;
				CLANG_ANALYZER_LOCALIZABILITY_NONLOCALIZED = YES;
				CLANG_ANALYZER_NONNULL = YES;
				CLANG_ANALYZER_NUMBER_OBJECT_CONVERSION = YES_AGGRESSIVE;
				CLANG_CXX_LANGUAGE_STANDARD = "gnu++17";
				CLANG_CXX_LIBRARY = "libc++";
				CLANG_ENABLE_MODULES = YES;
				CLANG_ENABLE_OBJC_ARC = YES;
				CLANG_ENABLE_OBJC_WEAK = YES;
				CLANG_WARN_BLOCK_CAPTURE_AUTORELEASING = YES;
				CLANG_WARN_BOOL_CONVERSION = YES;
				CLANG_WARN_COMMA = YES;
				CLANG_WARN_CONSTANT_CONVERSION = YES;
				CLANG_WARN_DEPRECATED_OBJC_IMPLEMENTATIONS = YES;
				CLANG_WARN_DIRECT_OBJC_ISA_USAGE = YES_ERROR;
				CLANG_WARN_DOCUMENTATION_COMMENTS = YES;
				CLANG_WARN_EMPTY_BODY = YES;
				CLANG_WARN_ENUM_CONVERSION = YES;
				CLANG_WARN_INFINITE_RECURSION = YES;
				CLANG_WARN_INT_CONVERSION = YES;
				CLANG_WARN_NON_LITERAL_NULL_CONVERSION = YES;
				CLANG_WARN_OBJC_IMPLICIT_RETAIN_SELF = YES;
				CLANG_WARN_OBJC_LITERAL_CONVERSION = YES;
				CLANG_WARN_OBJC_ROOT_CLASS = YES_ERROR;
				CLANG_WARN_QUOTED_INCLUDE_IN_FRAMEWORK_HEADER = YES;
				CLANG_WARN_RANGE_LOOP_ANALYSIS = YES;
				CLANG_WARN_STRICT_PROTOTYPES = YES;
				CLANG_WARN_SUSPICIOUS_MOVE = YES;
				CLANG_WARN_UNGUARDED_AVAILABILITY = YES_AGGRESSIVE;
				CLANG_WARN_UNREACHABLE_CODE = YES;
				CLANG_WARN__DUPLICATE_METHOD_MATCH = YES;
				COPY_PHASE_STRIP = NO;
				DEBUG_INFORMATION_FORMAT = "dwarf-with-dsym";
				ENABLE_NS_ASSERTIONS = NO;
				ENABLE_STRICT_OBJC_MSGSEND = YES;
				GCC_C_LANGUAGE_STANDARD = gnu11;
				GCC_NO_COMMON_BLOCKS = YES;
				GCC_WARN_64_TO_32_BIT_CONVERSION = YES;
				GCC_WARN_ABOUT_RETURN_TYPE = YES_ERROR;
				GCC_WARN_UNDECLARED_SELECTOR = YES;
				GCC_WARN_UNINITIALIZED_AUTOS = YES_AGGRESSIVE;
				GCC_WARN_UNUSED_FUNCTION = YES;
				GCC_WARN_UNUSED_VARIABLE = YES;
				IPHONEOS_DEPLOYMENT_TARGET = 15.0;
				MTL_ENABLE_DEBUG_INFO = NO;
				MTL_FAST_MATH = YES;
				SDKROOT = iphoneos;
				SWIFT_COMPILATION_MODE = wholemodule;
				SWIFT_OPTIMIZATION_LEVEL = "-O";
				VALIDATE_PRODUCT = YES;
			};
			name = Release;
		};
		040C36FF2747F0A5002EBEBD /* Debug */ = {
			isa = XCBuildConfiguration;
			buildSettings = {
				ASSETCATALOG_COMPILER_APPICON_NAME = AppIcon;
				ASSETCATALOG_COMPILER_GLOBAL_ACCENT_COLOR_NAME = AccentColor;
				CODE_SIGN_STYLE = Automatic;
				CURRENT_PROJECT_VERSION = 1;
				DEVELOPMENT_TEAM = 4PMA8ARP43;
				GENERATE_INFOPLIST_FILE = YES;
				INFOPLIST_FILE = "Kosmos//Controlers/Info.plist";
				INFOPLIST_KEY_UIApplicationSupportsIndirectInputEvents = YES;
				INFOPLIST_KEY_UILaunchStoryboardName = LaunchScreen;
				INFOPLIST_KEY_UIMainStoryboardFile = Main;
				INFOPLIST_KEY_UIStatusBarHidden = YES;
				INFOPLIST_KEY_UISupportedInterfaceOrientations = UIInterfaceOrientationPortrait;
				INFOPLIST_KEY_UISupportedInterfaceOrientations_iPad = "UIInterfaceOrientationPortrait UIInterfaceOrientationPortraitUpsideDown UIInterfaceOrientationLandscapeLeft UIInterfaceOrientationLandscapeRight";
				INFOPLIST_KEY_UISupportedInterfaceOrientations_iPhone = "UIInterfaceOrientationPortrait UIInterfaceOrientationLandscapeLeft UIInterfaceOrientationLandscapeRight";
				LD_RUNPATH_SEARCH_PATHS = (
					"$(inherited)",
					"@executable_path/Frameworks",
				);
				MARKETING_VERSION = 1.0;
				PRODUCT_BUNDLE_IDENTIFIER = com.techmeskills.Kosmos;
				PRODUCT_NAME = "$(TARGET_NAME)";
				SWIFT_EMIT_LOC_STRINGS = YES;
				SWIFT_VERSION = 5.0;
				TARGETED_DEVICE_FAMILY = 1;
			};
			name = Debug;
		};
		040C37002747F0A5002EBEBD /* Release */ = {
			isa = XCBuildConfiguration;
			buildSettings = {
				ASSETCATALOG_COMPILER_APPICON_NAME = AppIcon;
				ASSETCATALOG_COMPILER_GLOBAL_ACCENT_COLOR_NAME = AccentColor;
				CODE_SIGN_STYLE = Automatic;
				CURRENT_PROJECT_VERSION = 1;
				DEVELOPMENT_TEAM = 4PMA8ARP43;
				GENERATE_INFOPLIST_FILE = YES;
				INFOPLIST_FILE = Kosmos/Controlers/Info.plist;
				INFOPLIST_KEY_UIApplicationSupportsIndirectInputEvents = YES;
				INFOPLIST_KEY_UILaunchStoryboardName = LaunchScreen;
				INFOPLIST_KEY_UIMainStoryboardFile = Main;
				INFOPLIST_KEY_UIStatusBarHidden = YES;
				INFOPLIST_KEY_UISupportedInterfaceOrientations = UIInterfaceOrientationPortrait;
				INFOPLIST_KEY_UISupportedInterfaceOrientations_iPad = "UIInterfaceOrientationPortrait UIInterfaceOrientationPortraitUpsideDown UIInterfaceOrientationLandscapeLeft UIInterfaceOrientationLandscapeRight";
				INFOPLIST_KEY_UISupportedInterfaceOrientations_iPhone = "UIInterfaceOrientationPortrait UIInterfaceOrientationLandscapeLeft UIInterfaceOrientationLandscapeRight";
				LD_RUNPATH_SEARCH_PATHS = (
					"$(inherited)",
					"@executable_path/Frameworks",
				);
				MARKETING_VERSION = 1.0;
				PRODUCT_BUNDLE_IDENTIFIER = com.techmeskills.Kosmos;
				PRODUCT_NAME = "$(TARGET_NAME)";
				SWIFT_EMIT_LOC_STRINGS = YES;
				SWIFT_VERSION = 5.0;
				TARGETED_DEVICE_FAMILY = 1;
			};
			name = Release;
		};
/* End XCBuildConfiguration section */

/* Begin XCConfigurationList section */
		040C36E52747F0A4002EBEBD /* Build configuration list for PBXProject "Kosmos" */ = {
			isa = XCConfigurationList;
			buildConfigurations = (
				040C36FC2747F0A5002EBEBD /* Debug */,
				040C36FD2747F0A5002EBEBD /* Release */,
			);
			defaultConfigurationIsVisible = 0;
			defaultConfigurationName = Release;
		};
		040C36FE2747F0A5002EBEBD /* Build configuration list for PBXNativeTarget "Kosmos" */ = {
			isa = XCConfigurationList;
			buildConfigurations = (
				040C36FF2747F0A5002EBEBD /* Debug */,
				040C37002747F0A5002EBEBD /* Release */,
			);
			defaultConfigurationIsVisible = 0;
			defaultConfigurationName = Release;
		};
/* End XCConfigurationList section */
	};
	rootObject = 040C36E22747F0A4002EBEBD /* Project object */;
}
